<Solution>
  <Folder Name="/src/" />
  <Folder Name="/src/BuildingBlocks/">
    <Project Path="src/BuildingBlocks/KJWebsite.BuildingBlocks/KJWebsite.BuildingBlocks.csproj" />
  </Folder>
  <Folder Name="/src/Services/">
    <Project Path="src/Services/ApiGateway/ApiGateway.csproj" />
    <Project Path="src/Services/AuthIdentityService/AuthIdentityService.csproj" />
    <Project Path="src/Services/ContentService/ContentService.csproj" />
    <Project Path="src/Services/CtaSubmissionService/CtaSubmissionService.csproj" />
  </Folder>
  <Folder Name="/tools/">
    <Project Path="tools/OpenApiExporter/OpenApiExporter.csproj" />
  </Folder>
  <Folder Name="/tests/">
    <Project Path="tests/IntegrationTests/KJWebsite.IntegrationTests/KJWebsite.IntegrationTests.csproj" />
    <Project Path="tests/UnitTests/KJWebsite.BuildingBlocks.UnitTests/KJWebsite.BuildingBlocks.UnitTests.csproj" />
  </Folder>
</Solution>
